// !$*UTF8*$!
{
	archiveVersion = 1;
	classes = {
	};
	objectVersion = 56;
	objects = {

/* Begin PBXBuildFile section */
		1851039A29CC2F1A00F101CB /* SettingsViewController.swift in Sources */ = {isa = PBXBuildFile; fileRef = 1851039929CC2F1A00F101CB /* SettingsViewController.swift */; };
		1851039C29CC619400F101CB /* DeveloperViewController.swift in Sources */ = {isa = PBXBuildFile; fileRef = 1851039B29CC619400F101CB /* DeveloperViewController.swift */; };
		18826B0029CB2ACF0012DBBE /* ThankYouViewController.swift in Sources */ = {isa = PBXBuildFile; fileRef = 18826AFF29CB2ACF0012DBBE /* ThankYouViewController.swift */; };
		18826B0429CB2C650012DBBE /* DisplayCardProtocol.swift in Sources */ = {isa = PBXBuildFile; fileRef = 18826B0329CB2C650012DBBE /* DisplayCardProtocol.swift */; };
		18826B0729CB2D900012DBBE /* CardModels.swift in Sources */ = {isa = PBXBuildFile; fileRef = 18826B0629CB2D900012DBBE /* CardModels.swift */; };
		1885520C29CAFBCD00B1B96C /* AppDelegate.swift in Sources */ = {isa = PBXBuildFile; fileRef = 1885520B29CAFBCD00B1B96C /* AppDelegate.swift */; };
		1885520E29CAFBCD00B1B96C /* SceneDelegate.swift in Sources */ = {isa = PBXBuildFile; fileRef = 1885520D29CAFBCD00B1B96C /* SceneDelegate.swift */; };
		1885521029CAFBCD00B1B96C /* CardGenaratorViewController.swift in Sources */ = {isa = PBXBuildFile; fileRef = 1885520F29CAFBCD00B1B96C /* CardGenaratorViewController.swift */; };
		1885521829CAFBCF00B1B96C /* LaunchScreen.storyboard in Resources */ = {isa = PBXBuildFile; fileRef = 1885521629CAFBCF00B1B96C /* LaunchScreen.storyboard */; };
		1885522229CB0DAB00B1B96C /* Extension.swift in Sources */ = {isa = PBXBuildFile; fileRef = 1885522129CB0DAB00B1B96C /* Extension.swift */; };
		18D2BAA329CBAA96001E671B /* Assets.xcassets in Resources */ = {isa = PBXBuildFile; fileRef = 18D2BAA229CBAA96001E671B /* Assets.xcassets */; };
		18D2BAA729CBCEE7001E671B /* win.mp3 in Resources */ = {isa = PBXBuildFile; fileRef = 18D2BAA629CBCEE7001E671B /* win.mp3 */; };
		18D2BAA929CBCF03001E671B /* jermaine1.mp3 in Resources */ = {isa = PBXBuildFile; fileRef = 18D2BAA829CBCF03001E671B /* jermaine1.mp3 */; };
		18D2BAAD29CBCF59001E671B /* Moonshine.mp3 in Resources */ = {isa = PBXBuildFile; fileRef = 18D2BAAC29CBCF59001E671B /* Moonshine.mp3 */; };
		18D2BAAF29CBD075001E671B /* SoundModel.swift in Sources */ = {isa = PBXBuildFile; fileRef = 18D2BAAE29CBD075001E671B /* SoundModel.swift */; };
/* End PBXBuildFile section */

/* Begin PBXFileReference section */
		1851039929CC2F1A00F101CB /* SettingsViewController.swift */ = {isa = PBXFileReference; lastKnownFileType = sourcecode.swift; path = SettingsViewController.swift; sourceTree = "<group>"; };
		1851039B29CC619400F101CB /* DeveloperViewController.swift */ = {isa = PBXFileReference; lastKnownFileType = sourcecode.swift; path = DeveloperViewController.swift; sourceTree = "<group>"; };
		18826AFF29CB2ACF0012DBBE /* ThankYouViewController.swift */ = {isa = PBXFileReference; lastKnownFileType = sourcecode.swift; path = ThankYouViewController.swift; sourceTree = "<group>"; };
		18826B0329CB2C650012DBBE /* DisplayCardProtocol.swift */ = {isa = PBXFileReference; lastKnownFileType = sourcecode.swift; path = DisplayCardProtocol.swift; sourceTree = "<group>"; };
		18826B0629CB2D900012DBBE /* CardModels.swift */ = {isa = PBXFileReference; lastKnownFileType = sourcecode.swift; path = CardModels.swift; sourceTree = "<group>"; };
		1885520829CAFBCD00B1B96C /* Revivar.app */ = {isa = PBXFileReference; explicitFileType = wrapper.application; includeInIndex = 0; path = Revivar.app; sourceTree = BUILT_PRODUCTS_DIR; };
		1885520B29CAFBCD00B1B96C /* AppDelegate.swift */ = {isa = PBXFileReference; lastKnownFileType = sourcecode.swift; path = AppDelegate.swift; sourceTree = "<group>"; };
		1885520D29CAFBCD00B1B96C /* SceneDelegate.swift */ = {isa = PBXFileReference; lastKnownFileType = sourcecode.swift; path = SceneDelegate.swift; sourceTree = "<group>"; };
		1885520F29CAFBCD00B1B96C /* CardGenaratorViewController.swift */ = {isa = PBXFileReference; lastKnownFileType = sourcecode.swift; path = CardGenaratorViewController.swift; sourceTree = "<group>"; };
		1885521729CAFBCF00B1B96C /* Base */ = {isa = PBXFileReference; lastKnownFileType = file.storyboard; name = Base; path = Base.lproj/LaunchScreen.storyboard; sourceTree = "<group>"; };
		1885521929CAFBCF00B1B96C /* Info.plist */ = {isa = PBXFileReference; lastKnownFileType = text.plist.xml; path = Info.plist; sourceTree = "<group>"; };
		1885522129CB0DAB00B1B96C /* Extension.swift */ = {isa = PBXFileReference; lastKnownFileType = sourcecode.swift; path = Extension.swift; sourceTree = "<group>"; };
		18D2BAA229CBAA96001E671B /* Assets.xcassets */ = {isa = PBXFileReference; lastKnownFileType = folder.assetcatalog; path = Assets.xcassets; sourceTree = "<group>"; };
		18D2BAA629CBCEE7001E671B /* win.mp3 */ = {isa = PBXFileReference; lastKnownFileType = audio.mp3; path = win.mp3; sourceTree = "<group>"; };
		18D2BAA829CBCF03001E671B /* jermaine1.mp3 */ = {isa = PBXFileReference; lastKnownFileType = audio.mp3; path = jermaine1.mp3; sourceTree = "<group>"; };
		18D2BAAC29CBCF59001E671B /* Moonshine.mp3 */ = {isa = PBXFileReference; lastKnownFileType = audio.mp3; path = Moonshine.mp3; sourceTree = "<group>"; };
		18D2BAAE29CBD075001E671B /* SoundModel.swift */ = {isa = PBXFileReference; lastKnownFileType = sourcecode.swift; path = SoundModel.swift; sourceTree = "<group>"; };
/* End PBXFileReference section */

/* Begin PBXFrameworksBuildPhase section */
		1885520529CAFBCD00B1B96C /* Frameworks */ = {
			isa = PBXFrameworksBuildPhase;
			buildActionMask = 2147483647;
			files = (
			);
			runOnlyForDeploymentPostprocessing = 0;
		};
/* End PBXFrameworksBuildPhase section */

/* Begin PBXGroup section */
		18826B0129CB2AE70012DBBE /* Network */ = {
			isa = PBXGroup;
			children = (
			);
			path = Network;
			sourceTree = "<group>";
		};
		18826B0229CB2C3C0012DBBE /* Protocol */ = {
			isa = PBXGroup;
			children = (
				18826B0329CB2C650012DBBE /* DisplayCardProtocol.swift */,
			);
			path = Protocol;
			sourceTree = "<group>";
		};
		18826B0529CB2D7A0012DBBE /* Model */ = {
			isa = PBXGroup;
			children = (
				18826B0629CB2D900012DBBE /* CardModels.swift */,
				18D2BAAE29CBD075001E671B /* SoundModel.swift */,
			);
			path = Model;
			sourceTree = "<group>";
		};
		188551FF29CAFBCD00B1B96C = {
			isa = PBXGroup;
			children = (
				1885520A29CAFBCD00B1B96C /* Revivar */,
				1885520929CAFBCD00B1B96C /* Products */,
			);
			sourceTree = "<group>";
		};
		1885520929CAFBCD00B1B96C /* Products */ = {
			isa = PBXGroup;
			children = (
				1885520829CAFBCD00B1B96C /* Revivar.app */,
			);
			name = Products;
			sourceTree = "<group>";
		};
		1885520A29CAFBCD00B1B96C /* Revivar */ = {
			isa = PBXGroup;
			children = (
				18D2BAA529CBCEB2001E671B /* Sound */,
				18826B0529CB2D7A0012DBBE /* Model */,
				18826B0229CB2C3C0012DBBE /* Protocol */,
				18826B0129CB2AE70012DBBE /* Network */,
				1885522329CB0DC900B1B96C /* Others */,
				1885522029CB0D9500B1B96C /* Resources */,
				1885521F29CB06F500B1B96C /* Controllers */,
				1885520F29CAFBCD00B1B96C /* CardGenaratorViewController.swift */,
				18D2BAA229CBAA96001E671B /* Assets.xcassets */,
				1885521629CAFBCF00B1B96C /* LaunchScreen.storyboard */,
				1885521929CAFBCF00B1B96C /* Info.plist */,
			);
			path = Revivar;
			sourceTree = "<group>";
		};
		1885521F29CB06F500B1B96C /* Controllers */ = {
			isa = PBXGroup;
			children = (
				18826AFF29CB2ACF0012DBBE /* ThankYouViewController.swift */,
				1851039929CC2F1A00F101CB /* SettingsViewController.swift */,
				1851039B29CC619400F101CB /* DeveloperViewController.swift */,
			);
			path = Controllers;
			sourceTree = "<group>";
		};
		1885522029CB0D9500B1B96C /* Resources */ = {
			isa = PBXGroup;
			children = (
				1885522129CB0DAB00B1B96C /* Extension.swift */,
			);
			path = Resources;
			sourceTree = "<group>";
		};
		1885522329CB0DC900B1B96C /* Others */ = {
			isa = PBXGroup;
			children = (
				1885520D29CAFBCD00B1B96C /* SceneDelegate.swift */,
				1885520B29CAFBCD00B1B96C /* AppDelegate.swift */,
			);
			name = Others;
			sourceTree = "<group>";
		};
		18D2BAA529CBCEB2001E671B /* Sound */ = {
			isa = PBXGroup;
			children = (
				18D2BAAC29CBCF59001E671B /* Moonshine.mp3 */,
				18D2BAA829CBCF03001E671B /* jermaine1.mp3 */,
				18D2BAA629CBCEE7001E671B /* win.mp3 */,
			);
			path = Sound;
			sourceTree = "<group>";
		};
/* End PBXGroup section */

/* Begin PBXNativeTarget section */
		1885520729CAFBCD00B1B96C /* Revivar */ = {
			isa = PBXNativeTarget;
			buildConfigurationList = 1885521C29CAFBCF00B1B96C /* Build configuration list for PBXNativeTarget "Revivar" */;
			buildPhases = (
				1885520429CAFBCD00B1B96C /* Sources */,
				1885520529CAFBCD00B1B96C /* Frameworks */,
				1885520629CAFBCD00B1B96C /* Resources */,
			);
			buildRules = (
			);
			dependencies = (
			);
			name = Revivar;
			productName = Revivar;
			productReference = 1885520829CAFBCD00B1B96C /* Revivar.app */;
			productType = "com.apple.product-type.application";
		};
/* End PBXNativeTarget section */

/* Begin PBXProject section */
		1885520029CAFBCD00B1B96C /* Project object */ = {
			isa = PBXProject;
			attributes = {
				BuildIndependentTargetsInParallel = 1;
				LastSwiftUpdateCheck = 1420;
				LastUpgradeCheck = 1420;
				TargetAttributes = {
					1885520729CAFBCD00B1B96C = {
						CreatedOnToolsVersion = 14.2;
					};
				};
			};
			buildConfigurationList = 1885520329CAFBCD00B1B96C /* Build configuration list for PBXProject "Revivar" */;
			compatibilityVersion = "Xcode 14.0";
			developmentRegion = en;
			hasScannedForEncodings = 0;
			knownRegions = (
				en,
				Base,
			);
			mainGroup = 188551FF29CAFBCD00B1B96C;
			productRefGroup = 1885520929CAFBCD00B1B96C /* Products */;
			projectDirPath = "";
			projectRoot = "";
			targets = (
				1885520729CAFBCD00B1B96C /* Revivar */,
			);
		};
/* End PBXProject section */

/* Begin PBXResourcesBuildPhase section */
		1885520629CAFBCD00B1B96C /* Resources */ = {
			isa = PBXResourcesBuildPhase;
			buildActionMask = 2147483647;
			files = (
				18D2BAA929CBCF03001E671B /* jermaine1.mp3 in Resources */,
				18D2BAAD29CBCF59001E671B /* Moonshine.mp3 in Resources */,
				1885521829CAFBCF00B1B96C /* LaunchScreen.storyboard in Resources */,
				18D2BAA329CBAA96001E671B /* Assets.xcassets in Resources */,
				18D2BAA729CBCEE7001E671B /* win.mp3 in Resources */,
			);
			runOnlyForDeploymentPostprocessing = 0;
		};
/* End PBXResourcesBuildPhase section */

/* Begin PBXSourcesBuildPhase section */
		1885520429CAFBCD00B1B96C /* Sources */ = {
			isa = PBXSourcesBuildPhase;
			buildActionMask = 2147483647;
			files = (
				1885521029CAFBCD00B1B96C /* CardGenaratorViewController.swift in Sources */,
				1885520C29CAFBCD00B1B96C /* AppDelegate.swift in Sources */,
				18826B0429CB2C650012DBBE /* DisplayCardProtocol.swift in Sources */,
				1885520E29CAFBCD00B1B96C /* SceneDelegate.swift in Sources */,
				1885522229CB0DAB00B1B96C /* Extension.swift in Sources */,
				18D2BAAF29CBD075001E671B /* SoundModel.swift in Sources */,
				18826B0729CB2D900012DBBE /* CardModels.swift in Sources */,
				1851039C29CC619400F101CB /* DeveloperViewController.swift in Sources */,
				18826B0029CB2ACF0012DBBE /* ThankYouViewController.swift in Sources */,
				1851039A29CC2F1A00F101CB /* SettingsViewController.swift in Sources */,
			);
			runOnlyForDeploymentPostprocessing = 0;
		};
/* End PBXSourcesBuildPhase section */

/* Begin PBXVariantGroup section */
		1885521629CAFBCF00B1B96C /* LaunchScreen.storyboard */ = {
			isa = PBXVariantGroup;
			children = (
				1885521729CAFBCF00B1B96C /* Base */,
			);
			name = LaunchScreen.storyboard;
			sourceTree = "<group>";
		};
/* End PBXVariantGroup section */

/* Begin XCBuildConfiguration section */
		1885521A29CAFBCF00B1B96C /* Debug */ = {
			isa = XCBuildConfiguration;
			buildSettings = {
				ALWAYS_SEARCH_USER_PATHS = NO;
				CLANG_ANALYZER_NONNULL = YES;
				CLANG_ANALYZER_NUMBER_OBJECT_CONVERSION = YES_AGGRESSIVE;
				CLANG_CXX_LANGUAGE_STANDARD = "gnu++20";
				CLANG_ENABLE_MODULES = YES;
				CLANG_ENABLE_OBJC_ARC = YES;
				CLANG_ENABLE_OBJC_WEAK = YES;
				CLANG_WARN_BLOCK_CAPTURE_AUTORELEASING = YES;
				CLANG_WARN_BOOL_CONVERSION = YES;
				CLANG_WARN_COMMA = YES;
				CLANG_WARN_CONSTANT_CONVERSION = YES;
				CLANG_WARN_DEPRECATED_OBJC_IMPLEMENTATIONS = YES;
				CLANG_WARN_DIRECT_OBJC_ISA_USAGE = YES_ERROR;
				CLANG_WARN_DOCUMENTATION_COMMENTS = YES;
				CLANG_WARN_EMPTY_BODY = YES;
				CLANG_WARN_ENUM_CONVERSION = YES;
				CLANG_WARN_INFINITE_RECURSION = YES;
				CLANG_WARN_INT_CONVERSION = YES;
				CLANG_WARN_NON_LITERAL_NULL_CONVERSION = YES;
				CLANG_WARN_OBJC_IMPLICIT_RETAIN_SELF = YES;
				CLANG_WARN_OBJC_LITERAL_CONVERSION = YES;
				CLANG_WARN_OBJC_ROOT_CLASS = YES_ERROR;
				CLANG_WARN_QUOTED_INCLUDE_IN_FRAMEWORK_HEADER = YES;
				CLANG_WARN_RANGE_LOOP_ANALYSIS = YES;
				CLANG_WARN_STRICT_PROTOTYPES = YES;
				CLANG_WARN_SUSPICIOUS_MOVE = YES;
				CLANG_WARN_UNGUARDED_AVAILABILITY = YES_AGGRESSIVE;
				CLANG_WARN_UNREACHABLE_CODE = YES;
				CLANG_WARN__DUPLICATE_METHOD_MATCH = YES;
				COPY_PHASE_STRIP = NO;
				DEBUG_INFORMATION_FORMAT = dwarf;
				ENABLE_STRICT_OBJC_MSGSEND = YES;
				ENABLE_TESTABILITY = YES;
				GCC_C_LANGUAGE_STANDARD = gnu11;
				GCC_DYNAMIC_NO_PIC = NO;
				GCC_NO_COMMON_BLOCKS = YES;
				GCC_OPTIMIZATION_LEVEL = 0;
				GCC_PREPROCESSOR_DEFINITIONS = (
					"DEBUG=1",
					"$(inherited)",
				);
				GCC_WARN_64_TO_32_BIT_CONVERSION = YES;
				GCC_WARN_ABOUT_RETURN_TYPE = YES_ERROR;
				GCC_WARN_UNDECLARED_SELECTOR = YES;
				GCC_WARN_UNINITIALIZED_AUTOS = YES_AGGRESSIVE;
				GCC_WARN_UNUSED_FUNCTION = YES;
				GCC_WARN_UNUSED_VARIABLE = YES;
				IPHONEOS_DEPLOYMENT_TARGET = 16.2;
				MTL_ENABLE_DEBUG_INFO = INCLUDE_SOURCE;
				MTL_FAST_MATH = YES;
				ONLY_ACTIVE_ARCH = YES;
				SDKROOT = iphoneos;
				SWIFT_ACTIVE_COMPILATION_CONDITIONS = DEBUG;
				SWIFT_OPTIMIZATION_LEVEL = "-Onone";
			};
			name = Debug;
		};
		1885521B29CAFBCF00B1B96C /* Release */ = {
			isa = XCBuildConfiguration;
			buildSettings = {
				ALWAYS_SEARCH_USER_PATHS = NO;
				CLANG_ANALYZER_NONNULL = YES;
				CLANG_ANALYZER_NUMBER_OBJECT_CONVERSION = YES_AGGRESSIVE;
				CLANG_CXX_LANGUAGE_STANDARD = "gnu++20";
				CLANG_ENABLE_MODULES = YES;
				CLANG_ENABLE_OBJC_ARC = YES;
				CLANG_ENABLE_OBJC_WEAK = YES;
				CLANG_WARN_BLOCK_CAPTURE_AUTORELEASING = YES;
				CLANG_WARN_BOOL_CONVERSION = YES;
				CLANG_WARN_COMMA = YES;
				CLANG_WARN_CONSTANT_CONVERSION = YES;
				CLANG_WARN_DEPRECATED_OBJC_IMPLEMENTATIONS = YES;
				CLANG_WARN_DIRECT_OBJC_ISA_USAGE = YES_ERROR;
				CLANG_WARN_DOCUMENTATION_COMMENTS = YES;
				CLANG_WARN_EMPTY_BODY = YES;
				CLANG_WARN_ENUM_CONVERSION = YES;
				CLANG_WARN_INFINITE_RECURSION = YES;
				CLANG_WARN_INT_CONVERSION = YES;
				CLANG_WARN_NON_LITERAL_NULL_CONVERSION = YES;
				CLANG_WARN_OBJC_IMPLICIT_RETAIN_SELF = YES;
				CLANG_WARN_OBJC_LITERAL_CONVERSION = YES;
				CLANG_WARN_OBJC_ROOT_CLASS = YES_ERROR;
				CLANG_WARN_QUOTED_INCLUDE_IN_FRAMEWORK_HEADER = YES;
				CLANG_WARN_RANGE_LOOP_ANALYSIS = YES;
				CLANG_WARN_STRICT_PROTOTYPES = YES;
				CLANG_WARN_SUSPICIOUS_MOVE = YES;
				CLANG_WARN_UNGUARDED_AVAILABILITY = YES_AGGRESSIVE;
				CLANG_WARN_UNREACHABLE_CODE = YES;
				CLANG_WARN__DUPLICATE_METHOD_MATCH = YES;
				COPY_PHASE_STRIP = NO;
				DEBUG_INFORMATION_FORMAT = "dwarf-with-dsym";
				ENABLE_NS_ASSERTIONS = NO;
				ENABLE_STRICT_OBJC_MSGSEND = YES;
				GCC_C_LANGUAGE_STANDARD = gnu11;
				GCC_NO_COMMON_BLOCKS = YES;
				GCC_WARN_64_TO_32_BIT_CONVERSION = YES;
				GCC_WARN_ABOUT_RETURN_TYPE = YES_ERROR;
				GCC_WARN_UNDECLARED_SELECTOR = YES;
				GCC_WARN_UNINITIALIZED_AUTOS = YES_AGGRESSIVE;
				GCC_WARN_UNUSED_FUNCTION = YES;
				GCC_WARN_UNUSED_VARIABLE = YES;
				IPHONEOS_DEPLOYMENT_TARGET = 16.2;
				MTL_ENABLE_DEBUG_INFO = NO;
				MTL_FAST_MATH = YES;
				SDKROOT = iphoneos;
				SWIFT_COMPILATION_MODE = wholemodule;
				SWIFT_OPTIMIZATION_LEVEL = "-O";
				VALIDATE_PRODUCT = YES;
			};
			name = Release;
		};
		1885521D29CAFBCF00B1B96C /* Debug */ = {
			isa = XCBuildConfiguration;
			buildSettings = {
				ASSETCATALOG_COMPILER_APPICON_NAME = AppIcon;
				ASSETCATALOG_COMPILER_GLOBAL_ACCENT_COLOR_NAME = AccentColor;
				CODE_SIGN_STYLE = Automatic;
				CURRENT_PROJECT_VERSION = 1;
				DEVELOPMENT_TEAM = J6DLB4DD6K;
				GENERATE_INFOPLIST_FILE = YES;
				INFOPLIST_FILE = Revivar/Info.plist;
				INFOPLIST_KEY_CFBundleDisplayName = FindMe;
				INFOPLIST_KEY_NSPhotoLibraryUsageDescription = "can access your app";
				INFOPLIST_KEY_UIApplicationSupportsIndirectInputEvents = YES;
				INFOPLIST_KEY_UILaunchStoryboardName = LaunchScreen;
				INFOPLIST_KEY_UISupportedInterfaceOrientations_iPad = "UIInterfaceOrientationPortrait UIInterfaceOrientationPortraitUpsideDown UIInterfaceOrientationLandscapeLeft UIInterfaceOrientationLandscapeRight";
				INFOPLIST_KEY_UISupportedInterfaceOrientations_iPhone = "UIInterfaceOrientationPortrait UIInterfaceOrientationLandscapeLeft UIInterfaceOrientationLandscapeRight";
				LD_RUNPATH_SEARCH_PATHS = (
					"$(inherited)",
					"@executable_path/Frameworks",
				);
				MARKETING_VERSION = 1.0;
				PRODUCT_BUNDLE_IDENTIFIER = com.bigjermaine.Revivar;
				PRODUCT_NAME = "$(TARGET_NAME)";
				SWIFT_EMIT_LOC_STRINGS = YES;
				SWIFT_VERSION = 5.0;
				TARGETED_DEVICE_FAMILY = "1,2";
			};
			name = Debug;
		};
		1885521E29CAFBCF00B1B96C /* Release */ = {
			isa = XCBuildConfiguration;
			buildSettings = {
				ASSETCATALOG_COMPILER_APPICON_NAME = AppIcon;
				ASSETCATALOG_COMPILER_GLOBAL_ACCENT_COLOR_NAME = AccentColor;
				CODE_SIGN_STYLE = Automatic;
				CURRENT_PROJECT_VERSION = 1;
				DEVELOPMENT_TEAM = J6DLB4DD6K;
				GENERATE_INFOPLIST_FILE = YES;
				INFOPLIST_FILE = Revivar/Info.plist;
				INFOPLIST_KEY_CFBundleDisplayName = FindMe;
				INFOPLIST_KEY_NSPhotoLibraryUsageDescription = "can access your app";
				INFOPLIST_KEY_UIApplicationSupportsIndirectInputEvents = YES;
				INFOPLIST_KEY_UILaunchStoryboardName = LaunchScreen;
				INFOPLIST_KEY_UISupportedInterfaceOrientations_iPad = "UIInterfaceOrientationPortrait UIInterfaceOrientationPortraitUpsideDown UIInterfaceOrientationLandscapeLeft UIInterfaceOrientationLandscapeRight";
				INFOPLIST_KEY_UISupportedInterfaceOrientations_iPhone = "UIInterfaceOrientationPortrait UIInterfaceOrientationLandscapeLeft UIInterfaceOrientationLandscapeRight";
				LD_RUNPATH_SEARCH_PATHS = (
					"$(inherited)",
					"@executable_path/Frameworks",
				);
				MARKETING_VERSION = 1.0;
				PRODUCT_BUNDLE_IDENTIFIER = com.bigjermaine.Revivar;
				PRODUCT_NAME = "$(TARGET_NAME)";
				SWIFT_EMIT_LOC_STRINGS = YES;
				SWIFT_VERSION = 5.0;
				TARGETED_DEVICE_FAMILY = "1,2";
			};
			name = Release;
		};
/* End XCBuildConfiguration section */

/* Begin XCConfigurationList section */
		1885520329CAFBCD00B1B96C /* Build configuration list for PBXProject "Revivar" */ = {
			isa = XCConfigurationList;
			buildConfigurations = (
				1885521A29CAFBCF00B1B96C /* Debug */,
				1885521B29CAFBCF00B1B96C /* Release */,
			);
			defaultConfigurationIsVisible = 0;
			defaultConfigurationName = Release;
		};
		1885521C29CAFBCF00B1B96C /* Build configuration list for PBXNativeTarget "Revivar" */ = {
			isa = XCConfigurationList;
			buildConfigurations = (
				1885521D29CAFBCF00B1B96C /* Debug */,
				1885521E29CAFBCF00B1B96C /* Release */,
			);
			defaultConfigurationIsVisible = 0;
			defaultConfigurationName = Release;
		};
/* End XCConfigurationList section */
	};
	rootObject = 1885520029CAFBCD00B1B96C /* Project object */;
}
